
Microsoft Visual Studio Solution File, Format Version 12.00
# Visual Studio Version 16
VisualStudioVersion = 16.0.30517.126
MinimumVisualStudioVersion = 10.0.40219.1
Project("{9A19103F-16F7-4668-BE54-9A1E7A4F7556}") = "SimpleWDR.BL", "SimpleWDR.BL\SimpleWDR.BL.csproj", "{64AC5CD0-D920-4F82-B173-93450FC1BD4F}"
EndProject
Project("{9A19103F-16F7-4668-BE54-9A1E7A4F7556}") = "SimpleWDR.WebAPI", "SimpleWDR.WebAPI\SimpleWDR.WebAPI.csproj", "{EF9217D6-B06D-4D72-817F-BE8C60D0BD8D}"
EndProject
Project("{9A19103F-16F7-4668-BE54-9A1E7A4F7556}") = "SimpleWDR.TestApp", "SimpleWDR.TestApp\SimpleWDR.TestApp.csproj", "{59A6C370-FA46-4308-A3D8-2AC84A35D9C3}"
	ProjectSection(ProjectDependencies) = postProject
		{EF9217D6-B06D-4D72-817F-BE8C60D0BD8D} = {EF9217D6-B06D-4D72-817F-BE8C60D0BD8D}
	EndProjectSection
EndProject
Project("{2150E333-8FDC-42A3-9474-1A3956D46DE8}") = "Client", "Client", "{CB25E81B-6869-4F00-A2AA-7F3F9A200B07}"
EndProject
Global
	GlobalSection(SolutionConfigurationPlatforms) = preSolution
		Debug|Any CPU = Debug|Any CPU
		Release|Any CPU = Release|Any CPU
	EndGlobalSection
	GlobalSection(ProjectConfigurationPlatforms) = postSolution
		{64AC5CD0-D920-4F82-B173-93450FC1BD4F}.Debug|Any CPU.ActiveCfg = Debug|Any CPU
		{64AC5CD0-D920-4F82-B173-93450FC1BD4F}.Debug|Any CPU.Build.0 = Debug|Any CPU
		{64AC5CD0-D920-4F82-B173-93450FC1BD4F}.Release|Any CPU.ActiveCfg = Release|Any CPU
		{64AC5CD0-D920-4F82-B173-93450FC1BD4F}.Release|Any CPU.Build.0 = Release|Any CPU
		{EF9217D6-B06D-4D72-817F-BE8C60D0BD8D}.Debug|Any CPU.ActiveCfg = Debug|Any CPU
		{EF9217D6-B06D-4D72-817F-BE8C60D0BD8D}.Debug|Any CPU.Build.0 = Debug|Any CPU
		{EF9217D6-B06D-4D72-817F-BE8C60D0BD8D}.Release|Any CPU.ActiveCfg = Release|Any CPU
		{EF9217D6-B06D-4D72-817F-BE8C60D0BD8D}.Release|Any CPU.Build.0 = Release|Any CPU
		{59A6C370-FA46-4308-A3D8-2AC84A35D9C3}.Debug|Any CPU.ActiveCfg = Debug|Any CPU
		{59A6C370-FA46-4308-A3D8-2AC84A35D9C3}.Debug|Any CPU.Build.0 = Debug|Any CPU
		{59A6C370-FA46-4308-A3D8-2AC84A35D9C3}.Release|Any CPU.ActiveCfg = Release|Any CPU
		{59A6C370-FA46-4308-A3D8-2AC84A35D9C3}.Release|Any CPU.Build.0 = Release|Any CPU
	EndGlobalSection
	GlobalSection(SolutionProperties) = preSolution
		HideSolutionNode = FALSE
	EndGlobalSection
	GlobalSection(NestedProjects) = preSolution
		{59A6C370-FA46-4308-A3D8-2AC84A35D9C3} = {CB25E81B-6869-4F00-A2AA-7F3F9A200B07}
	EndGlobalSection
	GlobalSection(ExtensibilityGlobals) = postSolution
		SolutionGuid = {174839FD-71CD-40F0-9F70-CAE01B1C345A}
	EndGlobalSection
EndGlobal
