
Microsoft Visual Studio Solution File, Format Version 12.00
# Visual Studio Version 16
VisualStudioVersion = 16.0.30517.126
MinimumVisualStudioVersion = 10.0.40219.1
Project("{9A19103F-16F7-4668-BE54-9A1E7A4F7556}") = "BDR.Connector", "BDR.Connector\BDR.Connector.csproj", "{A4FACE69-1576-4C12-B4AA-8028767B3E41}"
EndProject
Project("{2150E333-8FDC-42A3-9474-1A3956D46DE8}") = "Solution Items", "Solution Items", "{EB8B310E-FC61-4753-B88D-3972F4B4A7EE}"
	ProjectSection(SolutionItems) = preProject
		..\..\ORSCF.BillingDataRepository.Connector.nuspec = ..\..\ORSCF.BillingDataRepository.Connector.nuspec
		..\..\Pack-ORSCF.BillingDataRepository.Connector.bat = ..\..\Pack-ORSCF.BillingDataRepository.Connector.bat
		(tools)\UJMW.Readme.txt = (tools)\UJMW.Readme.txt
		(tools)\UJMW.Sample.tt = (tools)\UJMW.Sample.tt
	EndProjectSection
EndProject
Project("{9A19103F-16F7-4668-BE54-9A1E7A4F7556}") = "TestClient", "TestClient\TestClient.csproj", "{5A3D6992-5C95-44B2-AA2F-6C70504BA1AF}"
EndProject
Project("{2150E333-8FDC-42A3-9474-1A3956D46DE8}") = "Testing", "Testing", "{E7148F07-4A84-45B6-BB3B-549613C1477F}"
EndProject
Global
	GlobalSection(SolutionConfigurationPlatforms) = preSolution
		Debug|Any CPU = Debug|Any CPU
		Release|Any CPU = Release|Any CPU
	EndGlobalSection
	GlobalSection(ProjectConfigurationPlatforms) = postSolution
		{A4FACE69-1576-4C12-B4AA-8028767B3E41}.Debug|Any CPU.ActiveCfg = Debug|Any CPU
		{A4FACE69-1576-4C12-B4AA-8028767B3E41}.Debug|Any CPU.Build.0 = Debug|Any CPU
		{A4FACE69-1576-4C12-B4AA-8028767B3E41}.Release|Any CPU.ActiveCfg = Release|Any CPU
		{A4FACE69-1576-4C12-B4AA-8028767B3E41}.Release|Any CPU.Build.0 = Release|Any CPU
		{5A3D6992-5C95-44B2-AA2F-6C70504BA1AF}.Debug|Any CPU.ActiveCfg = Debug|Any CPU
		{5A3D6992-5C95-44B2-AA2F-6C70504BA1AF}.Debug|Any CPU.Build.0 = Debug|Any CPU
		{5A3D6992-5C95-44B2-AA2F-6C70504BA1AF}.Release|Any CPU.ActiveCfg = Release|Any CPU
		{5A3D6992-5C95-44B2-AA2F-6C70504BA1AF}.Release|Any CPU.Build.0 = Release|Any CPU
	EndGlobalSection
	GlobalSection(SolutionProperties) = preSolution
		HideSolutionNode = FALSE
	EndGlobalSection
	GlobalSection(NestedProjects) = preSolution
		{5A3D6992-5C95-44B2-AA2F-6C70504BA1AF} = {E7148F07-4A84-45B6-BB3B-549613C1477F}
	EndGlobalSection
	GlobalSection(ExtensibilityGlobals) = postSolution
		SolutionGuid = {174839FD-71CD-40F0-9F70-CAE01B1C345A}
	EndGlobalSection
EndGlobal
