
Microsoft Visual Studio Solution File, Format Version 12.00
# Visual Studio Version 16
VisualStudioVersion = 16.0.30517.126
MinimumVisualStudioVersion = 10.0.40219.1
Project("{2150E333-8FDC-42A3-9474-1A3956D46DE8}") = "(nuspec)", "(nuspec)", "{B755BBA1-92FA-46E7-B3A7-C253E9BEBCA1}"
	ProjectSection(SolutionItems) = preProject
		ORSCF.BillingData.Contract.nuspec = ORSCF.BillingData.Contract.nuspec
		ORSCF.IdentityManagement.Contract.nuspec = ORSCF.IdentityManagement.Contract.nuspec
		ORSCF.StudyManagement.Contract.nuspec = ORSCF.StudyManagement.Contract.nuspec
		ORSCF.StudyWorkflowDefinition.Contract.nuspec = ORSCF.StudyWorkflowDefinition.Contract.nuspec
		ORSCF.SubjectData.Contract.nuspec = ORSCF.SubjectData.Contract.nuspec
		ORSCF.VisitData.Contract.nuspec = ORSCF.VisitData.Contract.nuspec
	EndProjectSection
EndProject
Project("{9A19103F-16F7-4668-BE54-9A1E7A4F7556}") = "BillingData.Contract", "BDR-Contract\BillingData.Contract.csproj", "{8E14149F-8DCC-4A6F-8326-5231AF51E798}"
EndProject
Project("{9A19103F-16F7-4668-BE54-9A1E7A4F7556}") = "IdentityManagement.Contract", "IMS-Contract\IdentityManagement.Contract.csproj", "{DA1DAB49-9B39-4869-A437-192446BA3E79}"
EndProject
Project("{9A19103F-16F7-4668-BE54-9A1E7A4F7556}") = "StudyManagement.Contract", "SMS-Contract\StudyManagement.Contract.csproj", "{5C120BB0-8B57-4626-ABC4-B1C6CE5E3027}"
EndProject
Project("{9A19103F-16F7-4668-BE54-9A1E7A4F7556}") = "VisitData.Contract", "VDR-Contract\VisitData.Contract.csproj", "{3E3C30A6-E538-4AF2-A4A0-2B211E0D872D}"
EndProject
Project("{9A19103F-16F7-4668-BE54-9A1E7A4F7556}") = "StudyWorkflowDefinition.Contract", "WDR-Contract\StudyWorkflowDefinition.Contract.csproj", "{67D37D91-7411-4119-A7FA-D8C6DAEF694A}"
EndProject
Project("{9A19103F-16F7-4668-BE54-9A1E7A4F7556}") = "SubjectData.Contract", "SDR-Contract\SubjectData.Contract.csproj", "{D4CA66FA-2FA3-45D8-B21B-C92835D50633}"
EndProject
Project("{2150E333-8FDC-42A3-9474-1A3956D46DE8}") = "Solution Items", "Solution Items", "{5BBDB353-E308-4E48-88E0-EE23B1A3CC1D}"
	ProjectSection(SolutionItems) = preProject
		(tools)\kGEN.Readme.txt = (tools)\kGEN.Readme.txt
		(tools)\kGEN.Sample.tt = (tools)\kGEN.Sample.tt
	EndProjectSection
EndProject
Global
	GlobalSection(SolutionConfigurationPlatforms) = preSolution
		Debug|Any CPU = Debug|Any CPU
		Release|Any CPU = Release|Any CPU
	EndGlobalSection
	GlobalSection(ProjectConfigurationPlatforms) = postSolution
		{8E14149F-8DCC-4A6F-8326-5231AF51E798}.Debug|Any CPU.ActiveCfg = Debug|Any CPU
		{8E14149F-8DCC-4A6F-8326-5231AF51E798}.Debug|Any CPU.Build.0 = Debug|Any CPU
		{8E14149F-8DCC-4A6F-8326-5231AF51E798}.Release|Any CPU.ActiveCfg = Release|Any CPU
		{8E14149F-8DCC-4A6F-8326-5231AF51E798}.Release|Any CPU.Build.0 = Release|Any CPU
		{DA1DAB49-9B39-4869-A437-192446BA3E79}.Debug|Any CPU.ActiveCfg = Debug|Any CPU
		{DA1DAB49-9B39-4869-A437-192446BA3E79}.Debug|Any CPU.Build.0 = Debug|Any CPU
		{DA1DAB49-9B39-4869-A437-192446BA3E79}.Release|Any CPU.ActiveCfg = Release|Any CPU
		{DA1DAB49-9B39-4869-A437-192446BA3E79}.Release|Any CPU.Build.0 = Release|Any CPU
		{5C120BB0-8B57-4626-ABC4-B1C6CE5E3027}.Debug|Any CPU.ActiveCfg = Debug|Any CPU
		{5C120BB0-8B57-4626-ABC4-B1C6CE5E3027}.Debug|Any CPU.Build.0 = Debug|Any CPU
		{5C120BB0-8B57-4626-ABC4-B1C6CE5E3027}.Release|Any CPU.ActiveCfg = Release|Any CPU
		{5C120BB0-8B57-4626-ABC4-B1C6CE5E3027}.Release|Any CPU.Build.0 = Release|Any CPU
		{3E3C30A6-E538-4AF2-A4A0-2B211E0D872D}.Debug|Any CPU.ActiveCfg = Debug|Any CPU
		{3E3C30A6-E538-4AF2-A4A0-2B211E0D872D}.Debug|Any CPU.Build.0 = Debug|Any CPU
		{3E3C30A6-E538-4AF2-A4A0-2B211E0D872D}.Release|Any CPU.ActiveCfg = Release|Any CPU
		{3E3C30A6-E538-4AF2-A4A0-2B211E0D872D}.Release|Any CPU.Build.0 = Release|Any CPU
		{67D37D91-7411-4119-A7FA-D8C6DAEF694A}.Debug|Any CPU.ActiveCfg = Debug|Any CPU
		{67D37D91-7411-4119-A7FA-D8C6DAEF694A}.Debug|Any CPU.Build.0 = Debug|Any CPU
		{67D37D91-7411-4119-A7FA-D8C6DAEF694A}.Release|Any CPU.ActiveCfg = Release|Any CPU
		{67D37D91-7411-4119-A7FA-D8C6DAEF694A}.Release|Any CPU.Build.0 = Release|Any CPU
		{D4CA66FA-2FA3-45D8-B21B-C92835D50633}.Debug|Any CPU.ActiveCfg = Debug|Any CPU
		{D4CA66FA-2FA3-45D8-B21B-C92835D50633}.Debug|Any CPU.Build.0 = Debug|Any CPU
		{D4CA66FA-2FA3-45D8-B21B-C92835D50633}.Release|Any CPU.ActiveCfg = Release|Any CPU
		{D4CA66FA-2FA3-45D8-B21B-C92835D50633}.Release|Any CPU.Build.0 = Release|Any CPU
	EndGlobalSection
	GlobalSection(SolutionProperties) = preSolution
		HideSolutionNode = FALSE
	EndGlobalSection
	GlobalSection(ExtensibilityGlobals) = postSolution
		SolutionGuid = {174839FD-71CD-40F0-9F70-CAE01B1C345A}
	EndGlobalSection
EndGlobal
