
Microsoft Visual Studio Solution File, Format Version 12.00
# Visual Studio Version 16
VisualStudioVersion = 16.0.30517.126
MinimumVisualStudioVersion = 10.0.40219.1
Project("{9A19103F-16F7-4668-BE54-9A1E7A4F7556}") = "VDR.Connector", "VDR.Connector\VDR.Connector.csproj", "{D9E399AE-16CE-4B5F-82F7-0992707EBCEE}"
EndProject
Project("{2150E333-8FDC-42A3-9474-1A3956D46DE8}") = "Solution Items", "Solution Items", "{2F5BB430-6FA0-4BCB-87F0-8115EA641445}"
	ProjectSection(SolutionItems) = preProject
		..\..\ORSCF.VisitDataRepository.Connector.nuspec = ..\..\ORSCF.VisitDataRepository.Connector.nuspec
		..\..\Pack-ORSCF.VisitDataRepository.Connector.bat = ..\..\Pack-ORSCF.VisitDataRepository.Connector.bat
		(tools)\UJMW.Readme.txt = (tools)\UJMW.Readme.txt
		(tools)\UJMW.Sample.tt = (tools)\UJMW.Sample.tt
	EndProjectSection
EndProject
Project("{9A19103F-16F7-4668-BE54-9A1E7A4F7556}") = "TestClient", "TestClient\TestClient.csproj", "{D41FFE8F-C501-40BB-B6DC-0AF5EB7E8757}"
EndProject
Project("{2150E333-8FDC-42A3-9474-1A3956D46DE8}") = "Testing", "Testing", "{04D118B9-FD1E-40F0-8A2A-80F398D5C0ED}"
EndProject
Global
	GlobalSection(SolutionConfigurationPlatforms) = preSolution
		Debug|Any CPU = Debug|Any CPU
		Release|Any CPU = Release|Any CPU
	EndGlobalSection
	GlobalSection(ProjectConfigurationPlatforms) = postSolution
		{D9E399AE-16CE-4B5F-82F7-0992707EBCEE}.Debug|Any CPU.ActiveCfg = Debug|Any CPU
		{D9E399AE-16CE-4B5F-82F7-0992707EBCEE}.Debug|Any CPU.Build.0 = Debug|Any CPU
		{D9E399AE-16CE-4B5F-82F7-0992707EBCEE}.Release|Any CPU.ActiveCfg = Release|Any CPU
		{D9E399AE-16CE-4B5F-82F7-0992707EBCEE}.Release|Any CPU.Build.0 = Release|Any CPU
		{D41FFE8F-C501-40BB-B6DC-0AF5EB7E8757}.Debug|Any CPU.ActiveCfg = Debug|Any CPU
		{D41FFE8F-C501-40BB-B6DC-0AF5EB7E8757}.Debug|Any CPU.Build.0 = Debug|Any CPU
		{D41FFE8F-C501-40BB-B6DC-0AF5EB7E8757}.Release|Any CPU.ActiveCfg = Release|Any CPU
		{D41FFE8F-C501-40BB-B6DC-0AF5EB7E8757}.Release|Any CPU.Build.0 = Release|Any CPU
	EndGlobalSection
	GlobalSection(SolutionProperties) = preSolution
		HideSolutionNode = FALSE
	EndGlobalSection
	GlobalSection(NestedProjects) = preSolution
		{D41FFE8F-C501-40BB-B6DC-0AF5EB7E8757} = {04D118B9-FD1E-40F0-8A2A-80F398D5C0ED}
	EndGlobalSection
	GlobalSection(ExtensibilityGlobals) = postSolution
		SolutionGuid = {174839FD-71CD-40F0-9F70-CAE01B1C345A}
	EndGlobalSection
EndGlobal
